
Microsoft Visual Studio Solution File, Format Version 12.00
# Visual Studio 15
VisualStudioVersion = 15.0.27703.2047
MinimumVisualStudioVersion = 10.0.40219.1
Project("{FAE04EC0-301F-11D3-BF4B-00C04F79EFBC}") = "Ejercicio Nro 01", "Ejercicion Nro 01\Ejercicio Nro 01.csproj", "{A13E7375-582E-4BEB-8EED-CF151AE0D5B0}"
EndProject
Project("{FAE04EC0-301F-11D3-BF4B-00C04F79EFBC}") = "Ejercicio Nro 02", "Ejercicio Nro 02\Ejercicio Nro 02.csproj", "{4C5FBE6A-1DB3-469F-9166-684AD25324DF}"
EndProject
Project("{FAE04EC0-301F-11D3-BF4B-00C04F79EFBC}") = "Ejercicio Nro 03", "Ejercicio Nro 03\Ejercicio Nro 03.csproj", "{AD1E86A7-E788-4E4C-A9E0-E064833CEC4F}"
EndProject
Project("{FAE04EC0-301F-11D3-BF4B-00C04F79EFBC}") = "Ejercicio Nro 04", "Ejercicio Nro 04\Ejercicio Nro 04.csproj", "{44BABBCD-E3F5-43E3-B1F6-91699CC8FB16}"
EndProject
Global
	GlobalSection(SolutionConfigurationPlatforms) = preSolution
		Debug|Any CPU = Debug|Any CPU
		Release|Any CPU = Release|Any CPU
	EndGlobalSection
	GlobalSection(ProjectConfigurationPlatforms) = postSolution
		{A13E7375-582E-4BEB-8EED-CF151AE0D5B0}.Debug|Any CPU.ActiveCfg = Debug|Any CPU
		{A13E7375-582E-4BEB-8EED-CF151AE0D5B0}.Debug|Any CPU.Build.0 = Debug|Any CPU
		{A13E7375-582E-4BEB-8EED-CF151AE0D5B0}.Release|Any CPU.ActiveCfg = Release|Any CPU
		{A13E7375-582E-4BEB-8EED-CF151AE0D5B0}.Release|Any CPU.Build.0 = Release|Any CPU
		{4C5FBE6A-1DB3-469F-9166-684AD25324DF}.Debug|Any CPU.ActiveCfg = Debug|Any CPU
		{4C5FBE6A-1DB3-469F-9166-684AD25324DF}.Debug|Any CPU.Build.0 = Debug|Any CPU
		{4C5FBE6A-1DB3-469F-9166-684AD25324DF}.Release|Any CPU.ActiveCfg = Release|Any CPU
		{4C5FBE6A-1DB3-469F-9166-684AD25324DF}.Release|Any CPU.Build.0 = Release|Any CPU
		{AD1E86A7-E788-4E4C-A9E0-E064833CEC4F}.Debug|Any CPU.ActiveCfg = Debug|Any CPU
		{AD1E86A7-E788-4E4C-A9E0-E064833CEC4F}.Debug|Any CPU.Build.0 = Debug|Any CPU
		{AD1E86A7-E788-4E4C-A9E0-E064833CEC4F}.Release|Any CPU.ActiveCfg = Release|Any CPU
		{AD1E86A7-E788-4E4C-A9E0-E064833CEC4F}.Release|Any CPU.Build.0 = Release|Any CPU
		{44BABBCD-E3F5-43E3-B1F6-91699CC8FB16}.Debug|Any CPU.ActiveCfg = Debug|Any CPU
		{44BABBCD-E3F5-43E3-B1F6-91699CC8FB16}.Debug|Any CPU.Build.0 = Debug|Any CPU
		{44BABBCD-E3F5-43E3-B1F6-91699CC8FB16}.Release|Any CPU.ActiveCfg = Release|Any CPU
		{44BABBCD-E3F5-43E3-B1F6-91699CC8FB16}.Release|Any CPU.Build.0 = Release|Any CPU
	EndGlobalSection
	GlobalSection(SolutionProperties) = preSolution
		HideSolutionNode = FALSE
	EndGlobalSection
	GlobalSection(ExtensibilityGlobals) = postSolution
		SolutionGuid = {9C627447-BF0F-4F6B-8459-0A218B2DA81F}
	EndGlobalSection
EndGlobal
