
Microsoft Visual Studio Solution File, Format Version 12.00
# Visual Studio 15
VisualStudioVersion = 15.0.27703.2047
MinimumVisualStudioVersion = 10.0.40219.1
Project("{FAE04EC0-301F-11D3-BF4B-00C04F79EFBC}") = "Ejercicio Nro 02", "Ejercicio Nro 02\Ejercicio Nro 02.csproj", "{4C5FBE6A-1DB3-469F-9166-684AD25324DF}"
EndProject
Project("{FAE04EC0-301F-11D3-BF4B-00C04F79EFBC}") = "Ejercicio Nro 03", "Ejercicio Nro 03\Ejercicio Nro 03.csproj", "{AD1E86A7-E788-4E4C-A9E0-E064833CEC4F}"
EndProject
Project("{FAE04EC0-301F-11D3-BF4B-00C04F79EFBC}") = "Ejercicio Nro 04", "Ejercicio Nro 04\Ejercicio Nro 04.csproj", "{44BABBCD-E3F5-43E3-B1F6-91699CC8FB16}"
EndProject
Project("{FAE04EC0-301F-11D3-BF4B-00C04F79EFBC}") = "Ejercicio Nro 05", "Ejercicio Nro 05\Ejercicio Nro 05.csproj", "{A04F1AD2-B14A-4805-AEB8-C31FDDBE844F}"
EndProject
Project("{FAE04EC0-301F-11D3-BF4B-00C04F79EFBC}") = "Ejercicio Nro 06", "Ejercicio Nro 06\Ejercicio Nro 06.csproj", "{049C490E-0387-4616-9ADF-60A612F35A01}"
EndProject
Project("{FAE04EC0-301F-11D3-BF4B-00C04F79EFBC}") = "Ejercicio Nro 07", "Ejercicio Nro 07\Ejercicio Nro 07.csproj", "{8BA2A43A-DFB1-491A-9AD7-256D91B369A0}"
EndProject
Project("{FAE04EC0-301F-11D3-BF4B-00C04F79EFBC}") = "Ejercicio Nro 08", "Ejercicio Nro 08\Ejercicio Nro 08.csproj", "{10679AFA-141D-4343-ABD7-9F99482E02A8}"
EndProject
Project("{FAE04EC0-301F-11D3-BF4B-00C04F79EFBC}") = "Ejercicio Nro 01", "Ejercicio Nro 01\Ejercicio Nro 01.csproj", "{260731EB-DA37-48E9-862F-E25C4CC48336}"
EndProject
Project("{FAE04EC0-301F-11D3-BF4B-00C04F79EFBC}") = "Ejercicio Nro 11", "Ejercicio Nro 11\Ejercicio Nro 11.csproj", "{EBA1AEF0-81D5-48F4-9292-FD61F4D16BD8}"
EndProject
Project("{FAE04EC0-301F-11D3-BF4B-00C04F79EFBC}") = "Ejercicio Nro 09", "Ejercicio Nro 09\Ejercicio Nro 09.csproj", "{84BC756E-6EBD-4460-AF79-ABDA20C915F9}"
EndProject
Project("{FAE04EC0-301F-11D3-BF4B-00C04F79EFBC}") = "Ejercicio Nro 10", "Ejercicio Nro 10\Ejercicio Nro 10.csproj", "{A1E071E4-5355-4209-B411-F4431059B2AB}"
EndProject
Project("{FAE04EC0-301F-11D3-BF4B-00C04F79EFBC}") = "Ejercicio Nro 12", "Ejercicio Nro 12\Ejercicio Nro 12.csproj", "{282BBF6C-FE09-4E5A-8E27-73B76A6CBE0C}"
EndProject
Project("{FAE04EC0-301F-11D3-BF4B-00C04F79EFBC}") = "Ejercicio Nro 13", "Ejercicio Nro 13\Ejercicio Nro 13.csproj", "{065A5FA7-15D5-4DF8-B442-55A77C3F580C}"
EndProject
Project("{FAE04EC0-301F-11D3-BF4B-00C04F79EFBC}") = "Ejercicio Nro 14", "Ejercicio Nro 14\Ejercicio Nro 14.csproj", "{BF1A5269-FB25-441C-B864-D070B500C1C5}"
EndProject
Project("{FAE04EC0-301F-11D3-BF4B-00C04F79EFBC}") = "Ejercicio Nro 15", "Ejercicio Nro 15\Ejercicio Nro 15.csproj", "{B03E16A7-E5E8-417F-8588-A36D8A537577}"
EndProject
Project("{FAE04EC0-301F-11D3-BF4B-00C04F79EFBC}") = "Ejercicio Nro 16", "Ejercicio Nro 16\Ejercicio Nro 16.csproj", "{3115298C-C9BB-4BE5-B54A-F395AE65B6EB}"
EndProject
Project("{FAE04EC0-301F-11D3-BF4B-00C04F79EFBC}") = "Ejercicio Nro 19", "Ejercicio Nro 19\Ejercicio Nro 19.csproj", "{809E286B-5716-4E0E-ABEA-A647D4E4D108}"
EndProject
Global
	GlobalSection(SolutionConfigurationPlatforms) = preSolution
		Debug|Any CPU = Debug|Any CPU
		Release|Any CPU = Release|Any CPU
	EndGlobalSection
	GlobalSection(ProjectConfigurationPlatforms) = postSolution
		{4C5FBE6A-1DB3-469F-9166-684AD25324DF}.Debug|Any CPU.ActiveCfg = Debug|Any CPU
		{4C5FBE6A-1DB3-469F-9166-684AD25324DF}.Debug|Any CPU.Build.0 = Debug|Any CPU
		{4C5FBE6A-1DB3-469F-9166-684AD25324DF}.Release|Any CPU.ActiveCfg = Release|Any CPU
		{4C5FBE6A-1DB3-469F-9166-684AD25324DF}.Release|Any CPU.Build.0 = Release|Any CPU
		{AD1E86A7-E788-4E4C-A9E0-E064833CEC4F}.Debug|Any CPU.ActiveCfg = Debug|Any CPU
		{AD1E86A7-E788-4E4C-A9E0-E064833CEC4F}.Debug|Any CPU.Build.0 = Debug|Any CPU
		{AD1E86A7-E788-4E4C-A9E0-E064833CEC4F}.Release|Any CPU.ActiveCfg = Release|Any CPU
		{AD1E86A7-E788-4E4C-A9E0-E064833CEC4F}.Release|Any CPU.Build.0 = Release|Any CPU
		{44BABBCD-E3F5-43E3-B1F6-91699CC8FB16}.Debug|Any CPU.ActiveCfg = Debug|Any CPU
		{44BABBCD-E3F5-43E3-B1F6-91699CC8FB16}.Debug|Any CPU.Build.0 = Debug|Any CPU
		{44BABBCD-E3F5-43E3-B1F6-91699CC8FB16}.Release|Any CPU.ActiveCfg = Release|Any CPU
		{44BABBCD-E3F5-43E3-B1F6-91699CC8FB16}.Release|Any CPU.Build.0 = Release|Any CPU
		{A04F1AD2-B14A-4805-AEB8-C31FDDBE844F}.Debug|Any CPU.ActiveCfg = Debug|Any CPU
		{A04F1AD2-B14A-4805-AEB8-C31FDDBE844F}.Debug|Any CPU.Build.0 = Debug|Any CPU
		{A04F1AD2-B14A-4805-AEB8-C31FDDBE844F}.Release|Any CPU.ActiveCfg = Release|Any CPU
		{A04F1AD2-B14A-4805-AEB8-C31FDDBE844F}.Release|Any CPU.Build.0 = Release|Any CPU
		{049C490E-0387-4616-9ADF-60A612F35A01}.Debug|Any CPU.ActiveCfg = Debug|Any CPU
		{049C490E-0387-4616-9ADF-60A612F35A01}.Debug|Any CPU.Build.0 = Debug|Any CPU
		{049C490E-0387-4616-9ADF-60A612F35A01}.Release|Any CPU.ActiveCfg = Release|Any CPU
		{049C490E-0387-4616-9ADF-60A612F35A01}.Release|Any CPU.Build.0 = Release|Any CPU
		{8BA2A43A-DFB1-491A-9AD7-256D91B369A0}.Debug|Any CPU.ActiveCfg = Debug|Any CPU
		{8BA2A43A-DFB1-491A-9AD7-256D91B369A0}.Debug|Any CPU.Build.0 = Debug|Any CPU
		{8BA2A43A-DFB1-491A-9AD7-256D91B369A0}.Release|Any CPU.ActiveCfg = Release|Any CPU
		{8BA2A43A-DFB1-491A-9AD7-256D91B369A0}.Release|Any CPU.Build.0 = Release|Any CPU
		{10679AFA-141D-4343-ABD7-9F99482E02A8}.Debug|Any CPU.ActiveCfg = Debug|Any CPU
		{10679AFA-141D-4343-ABD7-9F99482E02A8}.Debug|Any CPU.Build.0 = Debug|Any CPU
		{10679AFA-141D-4343-ABD7-9F99482E02A8}.Release|Any CPU.ActiveCfg = Release|Any CPU
		{10679AFA-141D-4343-ABD7-9F99482E02A8}.Release|Any CPU.Build.0 = Release|Any CPU
		{260731EB-DA37-48E9-862F-E25C4CC48336}.Debug|Any CPU.ActiveCfg = Debug|Any CPU
		{260731EB-DA37-48E9-862F-E25C4CC48336}.Debug|Any CPU.Build.0 = Debug|Any CPU
		{260731EB-DA37-48E9-862F-E25C4CC48336}.Release|Any CPU.ActiveCfg = Release|Any CPU
		{260731EB-DA37-48E9-862F-E25C4CC48336}.Release|Any CPU.Build.0 = Release|Any CPU
		{EBA1AEF0-81D5-48F4-9292-FD61F4D16BD8}.Debug|Any CPU.ActiveCfg = Debug|Any CPU
		{EBA1AEF0-81D5-48F4-9292-FD61F4D16BD8}.Debug|Any CPU.Build.0 = Debug|Any CPU
		{EBA1AEF0-81D5-48F4-9292-FD61F4D16BD8}.Release|Any CPU.ActiveCfg = Release|Any CPU
		{EBA1AEF0-81D5-48F4-9292-FD61F4D16BD8}.Release|Any CPU.Build.0 = Release|Any CPU
		{84BC756E-6EBD-4460-AF79-ABDA20C915F9}.Debug|Any CPU.ActiveCfg = Debug|Any CPU
		{84BC756E-6EBD-4460-AF79-ABDA20C915F9}.Debug|Any CPU.Build.0 = Debug|Any CPU
		{84BC756E-6EBD-4460-AF79-ABDA20C915F9}.Release|Any CPU.ActiveCfg = Release|Any CPU
		{84BC756E-6EBD-4460-AF79-ABDA20C915F9}.Release|Any CPU.Build.0 = Release|Any CPU
		{A1E071E4-5355-4209-B411-F4431059B2AB}.Debug|Any CPU.ActiveCfg = Debug|Any CPU
		{A1E071E4-5355-4209-B411-F4431059B2AB}.Debug|Any CPU.Build.0 = Debug|Any CPU
		{A1E071E4-5355-4209-B411-F4431059B2AB}.Release|Any CPU.ActiveCfg = Release|Any CPU
		{A1E071E4-5355-4209-B411-F4431059B2AB}.Release|Any CPU.Build.0 = Release|Any CPU
		{282BBF6C-FE09-4E5A-8E27-73B76A6CBE0C}.Debug|Any CPU.ActiveCfg = Debug|Any CPU
		{282BBF6C-FE09-4E5A-8E27-73B76A6CBE0C}.Debug|Any CPU.Build.0 = Debug|Any CPU
		{282BBF6C-FE09-4E5A-8E27-73B76A6CBE0C}.Release|Any CPU.ActiveCfg = Release|Any CPU
		{282BBF6C-FE09-4E5A-8E27-73B76A6CBE0C}.Release|Any CPU.Build.0 = Release|Any CPU
		{065A5FA7-15D5-4DF8-B442-55A77C3F580C}.Debug|Any CPU.ActiveCfg = Debug|Any CPU
		{065A5FA7-15D5-4DF8-B442-55A77C3F580C}.Debug|Any CPU.Build.0 = Debug|Any CPU
		{065A5FA7-15D5-4DF8-B442-55A77C3F580C}.Release|Any CPU.ActiveCfg = Release|Any CPU
		{065A5FA7-15D5-4DF8-B442-55A77C3F580C}.Release|Any CPU.Build.0 = Release|Any CPU
		{BF1A5269-FB25-441C-B864-D070B500C1C5}.Debug|Any CPU.ActiveCfg = Debug|Any CPU
		{BF1A5269-FB25-441C-B864-D070B500C1C5}.Debug|Any CPU.Build.0 = Debug|Any CPU
		{BF1A5269-FB25-441C-B864-D070B500C1C5}.Release|Any CPU.ActiveCfg = Release|Any CPU
		{BF1A5269-FB25-441C-B864-D070B500C1C5}.Release|Any CPU.Build.0 = Release|Any CPU
		{B03E16A7-E5E8-417F-8588-A36D8A537577}.Debug|Any CPU.ActiveCfg = Debug|Any CPU
		{B03E16A7-E5E8-417F-8588-A36D8A537577}.Debug|Any CPU.Build.0 = Debug|Any CPU
		{B03E16A7-E5E8-417F-8588-A36D8A537577}.Release|Any CPU.ActiveCfg = Release|Any CPU
		{B03E16A7-E5E8-417F-8588-A36D8A537577}.Release|Any CPU.Build.0 = Release|Any CPU
		{3115298C-C9BB-4BE5-B54A-F395AE65B6EB}.Debug|Any CPU.ActiveCfg = Debug|Any CPU
		{3115298C-C9BB-4BE5-B54A-F395AE65B6EB}.Debug|Any CPU.Build.0 = Debug|Any CPU
		{3115298C-C9BB-4BE5-B54A-F395AE65B6EB}.Release|Any CPU.ActiveCfg = Release|Any CPU
		{3115298C-C9BB-4BE5-B54A-F395AE65B6EB}.Release|Any CPU.Build.0 = Release|Any CPU
		{809E286B-5716-4E0E-ABEA-A647D4E4D108}.Debug|Any CPU.ActiveCfg = Debug|Any CPU
		{809E286B-5716-4E0E-ABEA-A647D4E4D108}.Debug|Any CPU.Build.0 = Debug|Any CPU
		{809E286B-5716-4E0E-ABEA-A647D4E4D108}.Release|Any CPU.ActiveCfg = Release|Any CPU
		{809E286B-5716-4E0E-ABEA-A647D4E4D108}.Release|Any CPU.Build.0 = Release|Any CPU
	EndGlobalSection
	GlobalSection(SolutionProperties) = preSolution
		HideSolutionNode = FALSE
	EndGlobalSection
	GlobalSection(ExtensibilityGlobals) = postSolution
		SolutionGuid = {9C627447-BF0F-4F6B-8459-0A218B2DA81F}
	EndGlobalSection
EndGlobal
