
Microsoft Visual Studio Solution File, Format Version 12.00
# Visual Studio 15
VisualStudioVersion = 15.0.27703.2047
MinimumVisualStudioVersion = 10.0.40219.1
Project("{FAE04EC0-301F-11D3-BF4B-00C04F79EFBC}") = "Entidades", "Entidades\Entidades.csproj", "{80FAC748-266C-4CE8-B8D1-8F3E619DEB4B}"
EndProject
Project("{FAE04EC0-301F-11D3-BF4B-00C04F79EFBC}") = "VistaConsola", "VistaConsola\VistaConsola.csproj", "{AD8545E5-1685-4454-B63A-619B153996DB}"
EndProject
Project("{FAE04EC0-301F-11D3-BF4B-00C04F79EFBC}") = "VistaForm", "VistaForm\VistaForm.csproj", "{FE9E24F6-CBE3-48A7-8190-108ED147C5C0}"
EndProject
Global
	GlobalSection(SolutionConfigurationPlatforms) = preSolution
		Debug|Any CPU = Debug|Any CPU
		Release|Any CPU = Release|Any CPU
	EndGlobalSection
	GlobalSection(ProjectConfigurationPlatforms) = postSolution
		{80FAC748-266C-4CE8-B8D1-8F3E619DEB4B}.Debug|Any CPU.ActiveCfg = Debug|Any CPU
		{80FAC748-266C-4CE8-B8D1-8F3E619DEB4B}.Debug|Any CPU.Build.0 = Debug|Any CPU
		{80FAC748-266C-4CE8-B8D1-8F3E619DEB4B}.Release|Any CPU.ActiveCfg = Release|Any CPU
		{80FAC748-266C-4CE8-B8D1-8F3E619DEB4B}.Release|Any CPU.Build.0 = Release|Any CPU
		{AD8545E5-1685-4454-B63A-619B153996DB}.Debug|Any CPU.ActiveCfg = Debug|Any CPU
		{AD8545E5-1685-4454-B63A-619B153996DB}.Debug|Any CPU.Build.0 = Debug|Any CPU
		{AD8545E5-1685-4454-B63A-619B153996DB}.Release|Any CPU.ActiveCfg = Release|Any CPU
		{AD8545E5-1685-4454-B63A-619B153996DB}.Release|Any CPU.Build.0 = Release|Any CPU
		{FE9E24F6-CBE3-48A7-8190-108ED147C5C0}.Debug|Any CPU.ActiveCfg = Debug|Any CPU
		{FE9E24F6-CBE3-48A7-8190-108ED147C5C0}.Debug|Any CPU.Build.0 = Debug|Any CPU
		{FE9E24F6-CBE3-48A7-8190-108ED147C5C0}.Release|Any CPU.ActiveCfg = Release|Any CPU
		{FE9E24F6-CBE3-48A7-8190-108ED147C5C0}.Release|Any CPU.Build.0 = Release|Any CPU
	EndGlobalSection
	GlobalSection(SolutionProperties) = preSolution
		HideSolutionNode = FALSE
	EndGlobalSection
	GlobalSection(ExtensibilityGlobals) = postSolution
		SolutionGuid = {2692A115-0BC1-4020-B272-4BBC179B4F95}
	EndGlobalSection
EndGlobal
