
Microsoft Visual Studio Solution File, Format Version 12.00
# Visual Studio 15
VisualStudioVersion = 15.0.27703.2047
MinimumVisualStudioVersion = 10.0.40219.1
Project("{FAE04EC0-301F-11D3-BF4B-00C04F79EFBC}") = "Ejercicio 68", "Ejercicio 68\Ejercicio 68.csproj", "{734008F1-E223-49FB-B5D8-69C636248B51}"
EndProject
Project("{FAE04EC0-301F-11D3-BF4B-00C04F79EFBC}") = "Persona", "Persona\Persona.csproj", "{2762BB9E-997D-4E4D-8565-F4F74567C82E}"
EndProject
Global
	GlobalSection(SolutionConfigurationPlatforms) = preSolution
		Debug|Any CPU = Debug|Any CPU
		Release|Any CPU = Release|Any CPU
	EndGlobalSection
	GlobalSection(ProjectConfigurationPlatforms) = postSolution
		{734008F1-E223-49FB-B5D8-69C636248B51}.Debug|Any CPU.ActiveCfg = Debug|Any CPU
		{734008F1-E223-49FB-B5D8-69C636248B51}.Debug|Any CPU.Build.0 = Debug|Any CPU
		{734008F1-E223-49FB-B5D8-69C636248B51}.Release|Any CPU.ActiveCfg = Release|Any CPU
		{734008F1-E223-49FB-B5D8-69C636248B51}.Release|Any CPU.Build.0 = Release|Any CPU
		{2762BB9E-997D-4E4D-8565-F4F74567C82E}.Debug|Any CPU.ActiveCfg = Debug|Any CPU
		{2762BB9E-997D-4E4D-8565-F4F74567C82E}.Debug|Any CPU.Build.0 = Debug|Any CPU
		{2762BB9E-997D-4E4D-8565-F4F74567C82E}.Release|Any CPU.ActiveCfg = Release|Any CPU
		{2762BB9E-997D-4E4D-8565-F4F74567C82E}.Release|Any CPU.Build.0 = Release|Any CPU
	EndGlobalSection
	GlobalSection(SolutionProperties) = preSolution
		HideSolutionNode = FALSE
	EndGlobalSection
	GlobalSection(ExtensibilityGlobals) = postSolution
		SolutionGuid = {E902FB57-FE56-4619-AEA5-5508D45D3332}
	EndGlobalSection
EndGlobal
